
Microsoft Visual Studio Solution File, Format Version 12.00
# Visual Studio Version 17
VisualStudioVersion = 17.9.34622.214
MinimumVisualStudioVersion = 10.0.40219.1
Project("{9A19103F-16F7-4668-BE54-9A1E7A4F7556}") = "University", "WebApiPerson\University.csproj", "{7DB83842-81D2-4A3E-8BD2-8166F64000D6}"
EndProject
Project("{FAE04EC0-301F-11D3-BF4B-00C04F79EFBC}") = "LinqSnippets", "LinqSnippets\LinqSnippets.csproj", "{8DB481FA-D80D-4AB0-898F-9DD6C7DF2782}"
EndProject
Global
	GlobalSection(SolutionConfigurationPlatforms) = preSolution
		Debug|Any CPU = Debug|Any CPU
		Release|Any CPU = Release|Any CPU
	EndGlobalSection
	GlobalSection(ProjectConfigurationPlatforms) = postSolution
		{7DB83842-81D2-4A3E-8BD2-8166F64000D6}.Debug|Any CPU.ActiveCfg = Debug|Any CPU
		{7DB83842-81D2-4A3E-8BD2-8166F64000D6}.Debug|Any CPU.Build.0 = Debug|Any CPU
		{7DB83842-81D2-4A3E-8BD2-8166F64000D6}.Release|Any CPU.ActiveCfg = Release|Any CPU
		{7DB83842-81D2-4A3E-8BD2-8166F64000D6}.Release|Any CPU.Build.0 = Release|Any CPU
		{8DB481FA-D80D-4AB0-898F-9DD6C7DF2782}.Debug|Any CPU.ActiveCfg = Debug|Any CPU
		{8DB481FA-D80D-4AB0-898F-9DD6C7DF2782}.Debug|Any CPU.Build.0 = Debug|Any CPU
		{8DB481FA-D80D-4AB0-898F-9DD6C7DF2782}.Release|Any CPU.ActiveCfg = Release|Any CPU
		{8DB481FA-D80D-4AB0-898F-9DD6C7DF2782}.Release|Any CPU.Build.0 = Release|Any CPU
	EndGlobalSection
	GlobalSection(SolutionProperties) = preSolution
		HideSolutionNode = FALSE
	EndGlobalSection
	GlobalSection(ExtensibilityGlobals) = postSolution
		SolutionGuid = {4A2BA3E5-C5E6-4EE9-B05F-0DCA4DEC693A}
	EndGlobalSection
EndGlobal
